
Microsoft Visual Studio Solution File, Format Version 12.00
# Visual Studio Version 17
VisualStudioVersion = 17.14.36127.28 d17.14
MinimumVisualStudioVersion = 10.0.40219.1
Project("{FAE04EC0-301F-11D3-BF4B-00C04F79EFBC}") = "TrabalhoFinal3", "TrabalhoFinal3.csproj", "{6C618124-8BF6-487A-8731-E8972DB61CD6}"
EndProject
Project("{FAE04EC0-301F-11D3-BF4B-00C04F79EFBC}") = "TrabalhoFinal3.Tests", "Tests\TrabalhoFinal3.Tests\TrabalhoFinal3.Tests.csproj", "{c8581386-80e7-47f8-a4f9-db0282a5f0ac}"
EndProject
Global
	GlobalSection(SolutionConfigurationPlatforms) = preSolution
		Debug|Any CPU = Debug|Any CPU
		Release|Any CPU = Release|Any CPU
	EndGlobalSection
	GlobalSection(ProjectConfigurationPlatforms) = postSolution
		{6C618124-8BF6-487A-8731-E8972DB61CD6}.Debug|Any CPU.ActiveCfg = Debug|Any CPU
		{6C618124-8BF6-487A-8731-E8972DB61CD6}.Debug|Any CPU.Build.0 = Debug|Any CPU
		{6C618124-8BF6-487A-8731-E8972DB61CD6}.Release|Any CPU.ActiveCfg = Release|Any CPU
		{6C618124-8BF6-487A-8731-E8972DB61CD6}.Release|Any CPU.Build.0 = Release|Any CPU
                {c8581386-80e7-47f8-a4f9-db0282a5f0ac}.Debug|Any CPU.ActiveCfg = Debug|Any CPU
                {c8581386-80e7-47f8-a4f9-db0282a5f0ac}.Debug|Any CPU.Build.0 = Debug|Any CPU
                {c8581386-80e7-47f8-a4f9-db0282a5f0ac}.Release|Any CPU.ActiveCfg = Release|Any CPU
                {c8581386-80e7-47f8-a4f9-db0282a5f0ac}.Release|Any CPU.Build.0 = Release|Any CPU
	EndGlobalSection
	GlobalSection(SolutionProperties) = preSolution
		HideSolutionNode = FALSE
	EndGlobalSection
	GlobalSection(ExtensibilityGlobals) = postSolution
		SolutionGuid = {D8861E24-BD47-465E-8449-C6864AFD7F2D}
	EndGlobalSection
EndGlobal
